// !$*UTF8*$!
{
	archiveVersion = 1;
	classes = {
	};
	objectVersion = 50;
	objects = {

/* Begin PBXBuildFile section */
		DE1AC4B522F2D9AF00F5C709 /* Traits.swift in Sources */ = {isa = PBXBuildFile; fileRef = DE1AC4B422F2D9AF00F5C709 /* Traits.swift */; };
		DE6EC1C622EED0930034416A /* AppDelegate.swift in Sources */ = {isa = PBXBuildFile; fileRef = DE6EC1C522EED0930034416A /* AppDelegate.swift */; };
		DE6EC1C822EED0930034416A /* ViewController.swift in Sources */ = {isa = PBXBuildFile; fileRef = DE6EC1C722EED0930034416A /* ViewController.swift */; };
		DE6EC1CB22EED0930034416A /* Main.storyboard in Resources */ = {isa = PBXBuildFile; fileRef = DE6EC1C922EED0930034416A /* Main.storyboard */; };
		DE6EC1CD22EED0960034416A /* Assets.xcassets in Resources */ = {isa = PBXBuildFile; fileRef = DE6EC1CC22EED0960034416A /* Assets.xcassets */; };
		DE6EC1D022EED0960034416A /* LaunchScreen.storyboard in Resources */ = {isa = PBXBuildFile; fileRef = DE6EC1CE22EED0960034416A /* LaunchScreen.storyboard */; };
		DE6EC1D822EED0B90034416A /* XibView.xib in Resources */ = {isa = PBXBuildFile; fileRef = DE6EC1D722EED0B90034416A /* XibView.xib */; };
		DE6EC1DA22EED1000034416A /* XibView.swift in Sources */ = {isa = PBXBuildFile; fileRef = DE6EC1D922EED1000034416A /* XibView.swift */; };
/* End PBXBuildFile section */

/* Begin PBXFileReference section */
		DE1AC4B422F2D9AF00F5C709 /* Traits.swift */ = {isa = PBXFileReference; lastKnownFileType = sourcecode.swift; path = Traits.swift; sourceTree = "<group>"; };
		DE6EC1C222EED0930034416A /* newXibView.app */ = {isa = PBXFileReference; explicitFileType = wrapper.application; includeInIndex = 0; path = newXibView.app; sourceTree = BUILT_PRODUCTS_DIR; };
		DE6EC1C522EED0930034416A /* AppDelegate.swift */ = {isa = PBXFileReference; lastKnownFileType = sourcecode.swift; path = AppDelegate.swift; sourceTree = "<group>"; };
		DE6EC1C722EED0930034416A /* ViewController.swift */ = {isa = PBXFileReference; lastKnownFileType = sourcecode.swift; path = ViewController.swift; sourceTree = "<group>"; };
		DE6EC1CA22EED0930034416A /* Base */ = {isa = PBXFileReference; lastKnownFileType = file.storyboard; name = Base; path = Base.lproj/Main.storyboard; sourceTree = "<group>"; };
		DE6EC1CC22EED0960034416A /* Assets.xcassets */ = {isa = PBXFileReference; lastKnownFileType = folder.assetcatalog; path = Assets.xcassets; sourceTree = "<group>"; };
		DE6EC1CF22EED0960034416A /* Base */ = {isa = PBXFileReference; lastKnownFileType = file.storyboard; name = Base; path = Base.lproj/LaunchScreen.storyboard; sourceTree = "<group>"; };
		DE6EC1D122EED0960034416A /* Info.plist */ = {isa = PBXFileReference; lastKnownFileType = text.plist.xml; path = Info.plist; sourceTree = "<group>"; };
		DE6EC1D722EED0B90034416A /* XibView.xib */ = {isa = PBXFileReference; lastKnownFileType = file.xib; path = XibView.xib; sourceTree = "<group>"; };
		DE6EC1D922EED1000034416A /* XibView.swift */ = {isa = PBXFileReference; lastKnownFileType = sourcecode.swift; path = XibView.swift; sourceTree = "<group>"; };
/* End PBXFileReference section */

/* Begin PBXFrameworksBuildPhase section */
		DE6EC1BF22EED0930034416A /* Frameworks */ = {
			isa = PBXFrameworksBuildPhase;
			buildActionMask = 2147483647;
			files = (
			);
			runOnlyForDeploymentPostprocessing = 0;
		};
/* End PBXFrameworksBuildPhase section */

/* Begin PBXGroup section */
		DE6EC1B922EED0930034416A = {
			isa = PBXGroup;
			children = (
				DE6EC1C422EED0930034416A /* newXibView */,
				DE6EC1C322EED0930034416A /* Products */,
			);
			sourceTree = "<group>";
		};
		DE6EC1C322EED0930034416A /* Products */ = {
			isa = PBXGroup;
			children = (
				DE6EC1C222EED0930034416A /* newXibView.app */,
			);
			name = Products;
			sourceTree = "<group>";
		};
		DE6EC1C422EED0930034416A /* newXibView */ = {
			isa = PBXGroup;
			children = (
				DE6EC1C522EED0930034416A /* AppDelegate.swift */,
				DE6EC1C722EED0930034416A /* ViewController.swift */,
				DE6EC1C922EED0930034416A /* Main.storyboard */,
				DE6EC1D722EED0B90034416A /* XibView.xib */,
				DE6EC1D922EED1000034416A /* XibView.swift */,
				DE1AC4B422F2D9AF00F5C709 /* Traits.swift */,
				DE6EC1CC22EED0960034416A /* Assets.xcassets */,
				DE6EC1CE22EED0960034416A /* LaunchScreen.storyboard */,
				DE6EC1D122EED0960034416A /* Info.plist */,
			);
			path = newXibView;
			sourceTree = "<group>";
		};
/* End PBXGroup section */

/* Begin PBXNativeTarget section */
		DE6EC1C122EED0930034416A /* newXibView */ = {
			isa = PBXNativeTarget;
			buildConfigurationList = DE6EC1D422EED0960034416A /* Build configuration list for PBXNativeTarget "newXibView" */;
			buildPhases = (
				DE6EC1BE22EED0930034416A /* Sources */,
				DE6EC1BF22EED0930034416A /* Frameworks */,
				DE6EC1C022EED0930034416A /* Resources */,
			);
			buildRules = (
			);
			dependencies = (
			);
			name = newXibView;
			productName = newXibView;
			productReference = DE6EC1C222EED0930034416A /* newXibView.app */;
			productType = "com.apple.product-type.application";
		};
/* End PBXNativeTarget section */

/* Begin PBXProject section */
		DE6EC1BA22EED0930034416A /* Project object */ = {
			isa = PBXProject;
			attributes = {
				LastSwiftUpdateCheck = 1010;
				LastUpgradeCheck = 1010;
				ORGANIZATIONNAME = "Egor Devyatov";
				TargetAttributes = {
					DE6EC1C122EED0930034416A = {
						CreatedOnToolsVersion = 10.1;
					};
				};
			};
			buildConfigurationList = DE6EC1BD22EED0930034416A /* Build configuration list for PBXProject "newXibView" */;
			compatibilityVersion = "Xcode 9.3";
			developmentRegion = en;
			hasScannedForEncodings = 0;
			knownRegions = (
				en,
				Base,
			);
			mainGroup = DE6EC1B922EED0930034416A;
			productRefGroup = DE6EC1C322EED0930034416A /* Products */;
			projectDirPath = "";
			projectRoot = "";
			targets = (
				DE6EC1C122EED0930034416A /* newXibView */,
			);
		};
/* End PBXProject section */

/* Begin PBXResourcesBuildPhase section */
		DE6EC1C022EED0930034416A /* Resources */ = {
			isa = PBXResourcesBuildPhase;
			buildActionMask = 2147483647;
			files = (
				DE6EC1D022EED0960034416A /* LaunchScreen.storyboard in Resources */,
				DE6EC1CD22EED0960034416A /* Assets.xcassets in Resources */,
				DE6EC1D822EED0B90034416A /* XibView.xib in Resources */,
				DE6EC1CB22EED0930034416A /* Main.storyboard in Resources */,
			);
			runOnlyForDeploymentPostprocessing = 0;
		};
/* End PBXResourcesBuildPhase section */

/* Begin PBXSourcesBuildPhase section */
		DE6EC1BE22EED0930034416A /* Sources */ = {
			isa = PBXSourcesBuildPhase;
			buildActionMask = 2147483647;
			files = (
				DE6EC1C822EED0930034416A /* ViewController.swift in Sources */,
				DE6EC1DA22EED1000034416A /* XibView.swift in Sources */,
				DE1AC4B522F2D9AF00F5C709 /* Traits.swift in Sources */,
				DE6EC1C622EED0930034416A /* AppDelegate.swift in Sources */,
			);
			runOnlyForDeploymentPostprocessing = 0;
		};
/* End PBXSourcesBuildPhase section */

/* Begin PBXVariantGroup section */
		DE6EC1C922EED0930034416A /* Main.storyboard */ = {
			isa = PBXVariantGroup;
			children = (
				DE6EC1CA22EED0930034416A /* Base */,
			);
			name = Main.storyboard;
			sourceTree = "<group>";
		};
		DE6EC1CE22EED0960034416A /* LaunchScreen.storyboard */ = {
			isa = PBXVariantGroup;
			children = (
				DE6EC1CF22EED0960034416A /* Base */,
			);
			name = LaunchScreen.storyboard;
			sourceTree = "<group>";
		};
/* End PBXVariantGroup section */

/* Begin XCBuildConfiguration section */
		DE6EC1D222EED0960034416A /* Debug */ = {
			isa = XCBuildConfiguration;
			buildSettings = {
				ALWAYS_SEARCH_USER_PATHS = NO;
				CLANG_ANALYZER_NONNULL = YES;
				CLANG_ANALYZER_NUMBER_OBJECT_CONVERSION = YES_AGGRESSIVE;
				CLANG_CXX_LANGUAGE_STANDARD = "gnu++14";
				CLANG_CXX_LIBRARY = "libc++";
				CLANG_ENABLE_MODULES = YES;
				CLANG_ENABLE_OBJC_ARC = YES;
				CLANG_ENABLE_OBJC_WEAK = YES;
				CLANG_WARN_BLOCK_CAPTURE_AUTORELEASING = YES;
				CLANG_WARN_BOOL_CONVERSION = YES;
				CLANG_WARN_COMMA = YES;
				CLANG_WARN_CONSTANT_CONVERSION = YES;
				CLANG_WARN_DEPRECATED_OBJC_IMPLEMENTATIONS = YES;
				CLANG_WARN_DIRECT_OBJC_ISA_USAGE = YES_ERROR;
				CLANG_WARN_DOCUMENTATION_COMMENTS = YES;
				CLANG_WARN_EMPTY_BODY = YES;
				CLANG_WARN_ENUM_CONVERSION = YES;
				CLANG_WARN_INFINITE_RECURSION = YES;
				CLANG_WARN_INT_CONVERSION = YES;
				CLANG_WARN_NON_LITERAL_NULL_CONVERSION = YES;
				CLANG_WARN_OBJC_IMPLICIT_RETAIN_SELF = YES;
				CLANG_WARN_OBJC_LITERAL_CONVERSION = YES;
				CLANG_WARN_OBJC_ROOT_CLASS = YES_ERROR;
				CLANG_WARN_RANGE_LOOP_ANALYSIS = YES;
				CLANG_WARN_STRICT_PROTOTYPES = YES;
				CLANG_WARN_SUSPICIOUS_MOVE = YES;
				CLANG_WARN_UNGUARDED_AVAILABILITY = YES_AGGRESSIVE;
				CLANG_WARN_UNREACHABLE_CODE = YES;
				CLANG_WARN__DUPLICATE_METHOD_MATCH = YES;
				CODE_SIGN_IDENTITY = "iPhone Developer";
				COPY_PHASE_STRIP = NO;
				DEBUG_INFORMATION_FORMAT = dwarf;
				ENABLE_STRICT_OBJC_MSGSEND = YES;
				ENABLE_TESTABILITY = YES;
				GCC_C_LANGUAGE_STANDARD = gnu11;
				GCC_DYNAMIC_NO_PIC = NO;
				GCC_NO_COMMON_BLOCKS = YES;
				GCC_OPTIMIZATION_LEVEL = 0;
				GCC_PREPROCESSOR_DEFINITIONS = (
					"DEBUG=1",
					"$(inherited)",
				);
				GCC_WARN_64_TO_32_BIT_CONVERSION = YES;
				GCC_WARN_ABOUT_RETURN_TYPE = YES_ERROR;
				GCC_WARN_UNDECLARED_SELECTOR = YES;
				GCC_WARN_UNINITIALIZED_AUTOS = YES_AGGRESSIVE;
				GCC_WARN_UNUSED_FUNCTION = YES;
				GCC_WARN_UNUSED_VARIABLE = YES;
				IPHONEOS_DEPLOYMENT_TARGET = 12.1;
				MTL_ENABLE_DEBUG_INFO = INCLUDE_SOURCE;
				MTL_FAST_MATH = YES;
				ONLY_ACTIVE_ARCH = YES;
				SDKROOT = iphoneos;
				SWIFT_ACTIVE_COMPILATION_CONDITIONS = DEBUG;
				SWIFT_OPTIMIZATION_LEVEL = "-Onone";
			};
			name = Debug;
		};
		DE6EC1D322EED0960034416A /* Release */ = {
			isa = XCBuildConfiguration;
			buildSettings = {
				ALWAYS_SEARCH_USER_PATHS = NO;
				CLANG_ANALYZER_NONNULL = YES;
				CLANG_ANALYZER_NUMBER_OBJECT_CONVERSION = YES_AGGRESSIVE;
				CLANG_CXX_LANGUAGE_STANDARD = "gnu++14";
				CLANG_CXX_LIBRARY = "libc++";
				CLANG_ENABLE_MODULES = YES;
				CLANG_ENABLE_OBJC_ARC = YES;
				CLANG_ENABLE_OBJC_WEAK = YES;
				CLANG_WARN_BLOCK_CAPTURE_AUTORELEASING = YES;
				CLANG_WARN_BOOL_CONVERSION = YES;
				CLANG_WARN_COMMA = YES;
				CLANG_WARN_CONSTANT_CONVERSION = YES;
				CLANG_WARN_DEPRECATED_OBJC_IMPLEMENTATIONS = YES;
				CLANG_WARN_DIRECT_OBJC_ISA_USAGE = YES_ERROR;
				CLANG_WARN_DOCUMENTATION_COMMENTS = YES;
				CLANG_WARN_EMPTY_BODY = YES;
				CLANG_WARN_ENUM_CONVERSION = YES;
				CLANG_WARN_INFINITE_RECURSION = YES;
				CLANG_WARN_INT_CONVERSION = YES;
				CLANG_WARN_NON_LITERAL_NULL_CONVERSION = YES;
				CLANG_WARN_OBJC_IMPLICIT_RETAIN_SELF = YES;
				CLANG_WARN_OBJC_LITERAL_CONVERSION = YES;
				CLANG_WARN_OBJC_ROOT_CLASS = YES_ERROR;
				CLANG_WARN_RANGE_LOOP_ANALYSIS = YES;
				CLANG_WARN_STRICT_PROTOTYPES = YES;
				CLANG_WARN_SUSPICIOUS_MOVE = YES;
				CLANG_WARN_UNGUARDED_AVAILABILITY = YES_AGGRESSIVE;
				CLANG_WARN_UNREACHABLE_CODE = YES;
				CLANG_WARN__DUPLICATE_METHOD_MATCH = YES;
				CODE_SIGN_IDENTITY = "iPhone Developer";
				COPY_PHASE_STRIP = NO;
				DEBUG_INFORMATION_FORMAT = "dwarf-with-dsym";
				ENABLE_NS_ASSERTIONS = NO;
				ENABLE_STRICT_OBJC_MSGSEND = YES;
				GCC_C_LANGUAGE_STANDARD = gnu11;
				GCC_NO_COMMON_BLOCKS = YES;
				GCC_WARN_64_TO_32_BIT_CONVERSION = YES;
				GCC_WARN_ABOUT_RETURN_TYPE = YES_ERROR;
				GCC_WARN_UNDECLARED_SELECTOR = YES;
				GCC_WARN_UNINITIALIZED_AUTOS = YES_AGGRESSIVE;
				GCC_WARN_UNUSED_FUNCTION = YES;
				GCC_WARN_UNUSED_VARIABLE = YES;
				IPHONEOS_DEPLOYMENT_TARGET = 12.1;
				MTL_ENABLE_DEBUG_INFO = NO;
				MTL_FAST_MATH = YES;
				SDKROOT = iphoneos;
				SWIFT_COMPILATION_MODE = wholemodule;
				SWIFT_OPTIMIZATION_LEVEL = "-O";
				VALIDATE_PRODUCT = YES;
			};
			name = Release;
		};
		DE6EC1D522EED0960034416A /* Debug */ = {
			isa = XCBuildConfiguration;
			buildSettings = {
				ASSETCATALOG_COMPILER_APPICON_NAME = AppIcon;
				CODE_SIGN_STYLE = Automatic;
				INFOPLIST_FILE = newXibView/Info.plist;
				LD_RUNPATH_SEARCH_PATHS = (
					"$(inherited)",
					"@executable_path/Frameworks",
				);
				PRODUCT_BUNDLE_IDENTIFIER = "ru.htc-cs.newXibView";
				PRODUCT_NAME = "$(TARGET_NAME)";
				SWIFT_VERSION = 4.2;
				TARGETED_DEVICE_FAMILY = "1,2";
			};
			name = Debug;
		};
		DE6EC1D622EED0960034416A /* Release */ = {
			isa = XCBuildConfiguration;
			buildSettings = {
				ASSETCATALOG_COMPILER_APPICON_NAME = AppIcon;
				CODE_SIGN_STYLE = Automatic;
				INFOPLIST_FILE = newXibView/Info.plist;
				LD_RUNPATH_SEARCH_PATHS = (
					"$(inherited)",
					"@executable_path/Frameworks",
				);
				PRODUCT_BUNDLE_IDENTIFIER = "ru.htc-cs.newXibView";
				PRODUCT_NAME = "$(TARGET_NAME)";
				SWIFT_VERSION = 4.2;
				TARGETED_DEVICE_FAMILY = "1,2";
			};
			name = Release;
		};
/* End XCBuildConfiguration section */

/* Begin XCConfigurationList section */
		DE6EC1BD22EED0930034416A /* Build configuration list for PBXProject "newXibView" */ = {
			isa = XCConfigurationList;
			buildConfigurations = (
				DE6EC1D222EED0960034416A /* Debug */,
				DE6EC1D322EED0960034416A /* Release */,
			);
			defaultConfigurationIsVisible = 0;
			defaultConfigurationName = Release;
		};
		DE6EC1D422EED0960034416A /* Build configuration list for PBXNativeTarget "newXibView" */ = {
			isa = XCConfigurationList;
			buildConfigurations = (
				DE6EC1D522EED0960034416A /* Debug */,
				DE6EC1D622EED0960034416A /* Release */,
			);
			defaultConfigurationIsVisible = 0;
			defaultConfigurationName = Release;
		};
/* End XCConfigurationList section */
	};
	rootObject = DE6EC1BA22EED0930034416A /* Project object */;
}
